
Microsoft Visual Studio Solution File, Format Version 12.00
# Visual Studio Version 17
VisualStudioVersion = 17.11.35312.102
MinimumVisualStudioVersion = 10.0.40219.1
Project("{FAE04EC0-301F-11D3-BF4B-00C04F79EFBC}") = "01_MainSubject", "01_MainSubject\01_MainSubject.csproj", "{91BF7AC3-E201-48D3-BADA-98A1BFFB7308}"
EndProject
Project("{FAE04EC0-301F-11D3-BF4B-00C04F79EFBC}") = "02_variables", "02_variables\02_variables.csproj", "{253E4DA9-5646-49D8-B006-F68D21B5D448}"
EndProject
Global
	GlobalSection(SolutionConfigurationPlatforms) = preSolution
		Debug|Any CPU = Debug|Any CPU
		Release|Any CPU = Release|Any CPU
	EndGlobalSection
	GlobalSection(ProjectConfigurationPlatforms) = postSolution
		{91BF7AC3-E201-48D3-BADA-98A1BFFB7308}.Debug|Any CPU.ActiveCfg = Debug|Any CPU
		{91BF7AC3-E201-48D3-BADA-98A1BFFB7308}.Debug|Any CPU.Build.0 = Debug|Any CPU
		{91BF7AC3-E201-48D3-BADA-98A1BFFB7308}.Release|Any CPU.ActiveCfg = Release|Any CPU
		{91BF7AC3-E201-48D3-BADA-98A1BFFB7308}.Release|Any CPU.Build.0 = Release|Any CPU
		{253E4DA9-5646-49D8-B006-F68D21B5D448}.Debug|Any CPU.ActiveCfg = Debug|Any CPU
		{253E4DA9-5646-49D8-B006-F68D21B5D448}.Debug|Any CPU.Build.0 = Debug|Any CPU
		{253E4DA9-5646-49D8-B006-F68D21B5D448}.Release|Any CPU.ActiveCfg = Release|Any CPU
		{253E4DA9-5646-49D8-B006-F68D21B5D448}.Release|Any CPU.Build.0 = Release|Any CPU
	EndGlobalSection
	GlobalSection(SolutionProperties) = preSolution
		HideSolutionNode = FALSE
	EndGlobalSection
	GlobalSection(ExtensibilityGlobals) = postSolution
		SolutionGuid = {5A1E2032-DA08-476D-90DF-74441156E2C0}
	EndGlobalSection
EndGlobal
